
Microsoft Visual Studio Solution File, Format Version 12.00
# Visual Studio Version 17
VisualStudioVersion = 17.0.31903.59
MinimumVisualStudioVersion = 10.0.40219.1
Project("{9A19103F-16F7-4668-BE54-9A1E7A4F7556}") = "Soul.Expressions", "Soul.Expressions\Soul.Expressions.csproj", "{6E697DB0-71EC-46B7-95E7-A14D882335D3}"
EndProject
Project("{FAE04EC0-301F-11D3-BF4B-00C04F79EFBC}") = "Soul.Expressions.Test", "Soul.Expressions.Test\Soul.Expressions.Test.csproj", "{F6EB85BD-F99D-4C11-9336-ECAC319F84D0}"
EndProject
Global
	GlobalSection(SolutionConfigurationPlatforms) = preSolution
		Debug|Any CPU = Debug|Any CPU
		Release|Any CPU = Release|Any CPU
	EndGlobalSection
	GlobalSection(ProjectConfigurationPlatforms) = postSolution
		{6E697DB0-71EC-46B7-95E7-A14D882335D3}.Debug|Any CPU.ActiveCfg = Debug|Any CPU
		{6E697DB0-71EC-46B7-95E7-A14D882335D3}.Debug|Any CPU.Build.0 = Debug|Any CPU
		{6E697DB0-71EC-46B7-95E7-A14D882335D3}.Release|Any CPU.ActiveCfg = Release|Any CPU
		{6E697DB0-71EC-46B7-95E7-A14D882335D3}.Release|Any CPU.Build.0 = Release|Any CPU
		{F6EB85BD-F99D-4C11-9336-ECAC319F84D0}.Debug|Any CPU.ActiveCfg = Debug|Any CPU
		{F6EB85BD-F99D-4C11-9336-ECAC319F84D0}.Debug|Any CPU.Build.0 = Debug|Any CPU
		{F6EB85BD-F99D-4C11-9336-ECAC319F84D0}.Release|Any CPU.ActiveCfg = Release|Any CPU
		{F6EB85BD-F99D-4C11-9336-ECAC319F84D0}.Release|Any CPU.Build.0 = Release|Any CPU
	EndGlobalSection
	GlobalSection(SolutionProperties) = preSolution
		HideSolutionNode = FALSE
	EndGlobalSection
	GlobalSection(ExtensibilityGlobals) = postSolution
		SolutionGuid = {6E7EBE5C-D02C-4E0C-8AE0-14A3752E3638}
	EndGlobalSection
EndGlobal
